
Microsoft Visual Studio Solution File, Format Version 12.00
# Visual Studio Version 17
VisualStudioVersion = 17.0.32014.148
MinimumVisualStudioVersion = 10.0.40219.1
Project("{FAE04EC0-301F-11D3-BF4B-00C04F79EFBC}") = "TovutiAPI", "TovutiAPI.csproj", "{61ADF79E-EE9B-49E8-AD23-1F90AEE9761B}"
EndProject
Global
	GlobalSection(SolutionConfigurationPlatforms) = preSolution
		Debug|Any CPU = Debug|Any CPU
		Release|Any CPU = Release|Any CPU
	EndGlobalSection
	GlobalSection(ProjectConfigurationPlatforms) = postSolution
		{61ADF79E-EE9B-49E8-AD23-1F90AEE9761B}.Debug|Any CPU.ActiveCfg = Debug|Any CPU
		{61ADF79E-EE9B-49E8-AD23-1F90AEE9761B}.Debug|Any CPU.Build.0 = Debug|Any CPU
		{61ADF79E-EE9B-49E8-AD23-1F90AEE9761B}.Release|Any CPU.ActiveCfg = Release|Any CPU
		{61ADF79E-EE9B-49E8-AD23-1F90AEE9761B}.Release|Any CPU.Build.0 = Release|Any CPU
	EndGlobalSection
	GlobalSection(SolutionProperties) = preSolution
		HideSolutionNode = FALSE
	EndGlobalSection
	GlobalSection(ExtensibilityGlobals) = postSolution
		SolutionGuid = {80A65FE9-7E29-41DD-A731-B3F7E16DD989}
	EndGlobalSection
EndGlobal
